
Microsoft Visual Studio Solution File, Format Version 11.0
# Visual Studio 2010
Project("{FAE04EC0-301F-11D3-BF4B-00C04F79EFBC}") = "UnityVS.QSMY_Android.CSharp.Plugins", "UnityVS.QSMY_Android.CSharp.Plugins.csproj", "{721860B7-35D0-4814-BEF3-9BA390C0B7A7}"
EndProject
Project("{FAE04EC0-301F-11D3-BF4B-00C04F79EFBC}") = "UnityVS.QSMY_Android.CSharp", "UnityVS.QSMY_Android.CSharp.csproj", "{6CC600B5-65F1-6933-0987-BAA10895FC41}"
EndProject
Project("{FAE04EC0-301F-11D3-BF4B-00C04F79EFBC}") = "UnityVS.QSMY_Android.CSharp.Editor", "UnityVS.QSMY_Android.CSharp.Editor.csproj", "{307A694F-5CD6-FA22-8550-043645988D3B}"
EndProject
Global
	GlobalSection(SolutionConfigurationPlatforms) = preSolution
		Debug|Any CPU = Debug|Any CPU
		Release|Any CPU = Release|Any CPU
	EndGlobalSection
	GlobalSection(ProjectConfigurationPlatforms) = postSolution
		{721860B7-35D0-4814-BEF3-9BA390C0B7A7}.Debug|Any CPU.ActiveCfg = Debug|Any CPU
		{721860B7-35D0-4814-BEF3-9BA390C0B7A7}.Debug|Any CPU.Build.0 = Debug|Any CPU
		{721860B7-35D0-4814-BEF3-9BA390C0B7A7}.Release|Any CPU.ActiveCfg = Release|Any CPU
		{721860B7-35D0-4814-BEF3-9BA390C0B7A7}.Release|Any CPU.Build.0 = Release|Any CPU
		{6CC600B5-65F1-6933-0987-BAA10895FC41}.Debug|Any CPU.ActiveCfg = Debug|Any CPU
		{6CC600B5-65F1-6933-0987-BAA10895FC41}.Debug|Any CPU.Build.0 = Debug|Any CPU
		{6CC600B5-65F1-6933-0987-BAA10895FC41}.Release|Any CPU.ActiveCfg = Release|Any CPU
		{6CC600B5-65F1-6933-0987-BAA10895FC41}.Release|Any CPU.Build.0 = Release|Any CPU
		{307A694F-5CD6-FA22-8550-043645988D3B}.Debug|Any CPU.ActiveCfg = Debug|Any CPU
		{307A694F-5CD6-FA22-8550-043645988D3B}.Debug|Any CPU.Build.0 = Debug|Any CPU
		{307A694F-5CD6-FA22-8550-043645988D3B}.Release|Any CPU.ActiveCfg = Release|Any CPU
		{307A694F-5CD6-FA22-8550-043645988D3B}.Release|Any CPU.Build.0 = Release|Any CPU
	EndGlobalSection
	GlobalSection(SolutionProperties) = preSolution
		HideSolutionNode = FALSE
	EndGlobalSection
EndGlobal
