
Microsoft Visual Studio Solution File, Format Version 11.00
# Visual Studio 2010
Project("{FAE04EC0-301F-11D3-BF4B-00C04F79EFBC}") = "A3_U3D_MAIN", "Assembly-CSharp-firstpass.csproj", "{FD67A93A-EE84-B08D-ED82-C326BF358667}"
EndProject
Project("{FAE04EC0-301F-11D3-BF4B-00C04F79EFBC}") = "A3_U3D_MAIN", "Assembly-CSharp.csproj", "{142EC2C0-EDC1-B036-B585-7677A4DBAD10}"
EndProject
Project("{FAE04EC0-301F-11D3-BF4B-00C04F79EFBC}") = "A3_U3D_MAIN", "Assembly-CSharp-Editor.csproj", "{ABC2A8CA-F797-4913-0B33-52F9862A1B00}"
EndProject
Global
	GlobalSection(SolutionConfigurationPlatforms) = preSolution
		Debug|Any CPU = Debug|Any CPU
		Release|Any CPU = Release|Any CPU
	EndGlobalSection
	GlobalSection(ProjectConfigurationPlatforms) = postSolution
		{FD67A93A-EE84-B08D-ED82-C326BF358667}.Debug|Any CPU.ActiveCfg = Debug|Any CPU
		{FD67A93A-EE84-B08D-ED82-C326BF358667}.Debug|Any CPU.Build.0 = Debug|Any CPU
		{FD67A93A-EE84-B08D-ED82-C326BF358667}.Release|Any CPU.ActiveCfg = Release|Any CPU
		{FD67A93A-EE84-B08D-ED82-C326BF358667}.Release|Any CPU.Build.0 = Release|Any CPU
		{142EC2C0-EDC1-B036-B585-7677A4DBAD10}.Debug|Any CPU.ActiveCfg = Debug|Any CPU
		{142EC2C0-EDC1-B036-B585-7677A4DBAD10}.Debug|Any CPU.Build.0 = Debug|Any CPU
		{142EC2C0-EDC1-B036-B585-7677A4DBAD10}.Release|Any CPU.ActiveCfg = Release|Any CPU
		{142EC2C0-EDC1-B036-B585-7677A4DBAD10}.Release|Any CPU.Build.0 = Release|Any CPU
		{ABC2A8CA-F797-4913-0B33-52F9862A1B00}.Debug|Any CPU.ActiveCfg = Debug|Any CPU
		{ABC2A8CA-F797-4913-0B33-52F9862A1B00}.Debug|Any CPU.Build.0 = Debug|Any CPU
		{ABC2A8CA-F797-4913-0B33-52F9862A1B00}.Release|Any CPU.ActiveCfg = Release|Any CPU
		{ABC2A8CA-F797-4913-0B33-52F9862A1B00}.Release|Any CPU.Build.0 = Release|Any CPU
	EndGlobalSection
	GlobalSection(SolutionProperties) = preSolution
		HideSolutionNode = FALSE
	EndGlobalSection
	GlobalSection(MonoDevelopProperties) = preSolution
		StartupItem = Assembly-CSharp.csproj
	EndGlobalSection
EndGlobal
