Microsoft Visual Studio Solution File, Format Version 11.00
# Visual Studio 2008

Project("{A42E32A2-974F-8C64-F4DF-0F24748A070E}") = "QSMY_U3D_MAIN", "Assembly-CSharp-firstpass.csproj", "{7637F619-7822-B074-2826-7969B13F3085}"
EndProject
Project("{A42E32A2-974F-8C64-F4DF-0F24748A070E}") = "QSMY_U3D_MAIN", "Assembly-CSharp.csproj", "{B954ECCD-E7CC-72F3-13C7-9E2EA6229830}"
EndProject
Project("{A42E32A2-974F-8C64-F4DF-0F24748A070E}") = "QSMY_U3D_MAIN", "Assembly-CSharp-Editor.csproj", "{34223616-97F9-6D14-B731-A641BB54C77A}"
EndProject
Project("{A42E32A2-974F-8C64-F4DF-0F24748A070E}") = "QSMY_U3D_MAIN", "Assembly-UnityScript-firstpass.unityproj", "{83AD2CC7-22C7-6FB1-CC18-86013F0A528D}"
EndProject
Project("{A42E32A2-974F-8C64-F4DF-0F24748A070E}") = "QSMY_U3D_MAIN", "Assembly-UnityScript.unityproj", "{131D8880-32D7-FF60-0CE0-D44FEB56D8BB}"
EndProject
Project("{A42E32A2-974F-8C64-F4DF-0F24748A070E}") = "QSMY_U3D_MAIN", "Assembly-UnityScript-Editor.unityproj", "{918FEF2D-C460-9E47-D68C-8AC3813F8425}"
EndProject
Global
	GlobalSection(SolutionConfigurationPlatforms) = preSolution
		Debug|Any CPU = Debug|Any CPU
		Release|Any CPU = Release|Any CPU
	EndGlobalSection
	GlobalSection(ProjectConfigurationPlatforms) = postSolution
		{7637F619-7822-B074-2826-7969B13F3085}.Debug|Any CPU.ActiveCfg = Debug|Any CPU
		{7637F619-7822-B074-2826-7969B13F3085}.Debug|Any CPU.Build.0 = Debug|Any CPU
		{7637F619-7822-B074-2826-7969B13F3085}.Release|Any CPU.ActiveCfg = Release|Any CPU
		{7637F619-7822-B074-2826-7969B13F3085}.Release|Any CPU.Build.0 = Release|Any CPU
		{B954ECCD-E7CC-72F3-13C7-9E2EA6229830}.Debug|Any CPU.ActiveCfg = Debug|Any CPU
		{B954ECCD-E7CC-72F3-13C7-9E2EA6229830}.Debug|Any CPU.Build.0 = Debug|Any CPU
		{B954ECCD-E7CC-72F3-13C7-9E2EA6229830}.Release|Any CPU.ActiveCfg = Release|Any CPU
		{B954ECCD-E7CC-72F3-13C7-9E2EA6229830}.Release|Any CPU.Build.0 = Release|Any CPU
		{34223616-97F9-6D14-B731-A641BB54C77A}.Debug|Any CPU.ActiveCfg = Debug|Any CPU
		{34223616-97F9-6D14-B731-A641BB54C77A}.Debug|Any CPU.Build.0 = Debug|Any CPU
		{34223616-97F9-6D14-B731-A641BB54C77A}.Release|Any CPU.ActiveCfg = Release|Any CPU
		{34223616-97F9-6D14-B731-A641BB54C77A}.Release|Any CPU.Build.0 = Release|Any CPU
		{83AD2CC7-22C7-6FB1-CC18-86013F0A528D}.Debug|Any CPU.ActiveCfg = Debug|Any CPU
		{83AD2CC7-22C7-6FB1-CC18-86013F0A528D}.Debug|Any CPU.Build.0 = Debug|Any CPU
		{83AD2CC7-22C7-6FB1-CC18-86013F0A528D}.Release|Any CPU.ActiveCfg = Release|Any CPU
		{83AD2CC7-22C7-6FB1-CC18-86013F0A528D}.Release|Any CPU.Build.0 = Release|Any CPU
		{131D8880-32D7-FF60-0CE0-D44FEB56D8BB}.Debug|Any CPU.ActiveCfg = Debug|Any CPU
		{131D8880-32D7-FF60-0CE0-D44FEB56D8BB}.Debug|Any CPU.Build.0 = Debug|Any CPU
		{131D8880-32D7-FF60-0CE0-D44FEB56D8BB}.Release|Any CPU.ActiveCfg = Release|Any CPU
		{131D8880-32D7-FF60-0CE0-D44FEB56D8BB}.Release|Any CPU.Build.0 = Release|Any CPU
		{918FEF2D-C460-9E47-D68C-8AC3813F8425}.Debug|Any CPU.ActiveCfg = Debug|Any CPU
		{918FEF2D-C460-9E47-D68C-8AC3813F8425}.Debug|Any CPU.Build.0 = Debug|Any CPU
		{918FEF2D-C460-9E47-D68C-8AC3813F8425}.Release|Any CPU.ActiveCfg = Release|Any CPU
		{918FEF2D-C460-9E47-D68C-8AC3813F8425}.Release|Any CPU.Build.0 = Release|Any CPU
	EndGlobalSection
	GlobalSection(SolutionProperties) = preSolution
		HideSolutionNode = FALSE
	EndGlobalSection
					GlobalSection(MonoDevelopProperties) = preSolution
		StartupItem = Assembly-CSharp.csproj
		Policies = $0
		$0.TextStylePolicy = $1
		$1.inheritsSet = null
		$1.scope = text/x-csharp
		$0.CSharpFormattingPolicy = $2
		$2.inheritsSet = Mono
		$2.inheritsScope = text/x-csharp
		$2.scope = text/x-csharp
		$0.TextStylePolicy = $3
		$3.FileWidth = 120
		$3.TabWidth = 4
		$3.EolMarker = Unix
		$3.inheritsSet = Mono
		$3.inheritsScope = text/plain
		$3.scope = text/plain
	EndGlobalSection

EndGlobal
