Microsoft Visual Studio Solution File, Format Version 11.00
# Visual Studio 2008

Project("{A42E32A2-974F-8C64-F4DF-0F24748A070E}") = "QSMY_U3D_MAIN", "Assembly-CSharp-firstpass-vs.csproj", "{7637F619-7822-B074-2826-7969B13F3085}"
EndProject
Project("{A42E32A2-974F-8C64-F4DF-0F24748A070E}") = "QSMY_U3D_MAIN", "Assembly-CSharp-vs.csproj", "{B954ECCD-E7CC-72F3-13C7-9E2EA6229830}"
EndProject
Project("{A42E32A2-974F-8C64-F4DF-0F24748A070E}") = "QSMY_U3D_MAIN", "Assembly-CSharp-Editor-vs.csproj", "{34223616-97F9-6D14-B731-A641BB54C77A}"
EndProject
Global
	GlobalSection(SolutionConfigurationPlatforms) = preSolution
		Debug|Any CPU = Debug|Any CPU
		Release|Any CPU = Release|Any CPU
	EndGlobalSection
	GlobalSection(ProjectConfigurationPlatforms) = postSolution
		{7637F619-7822-B074-2826-7969B13F3085}.Debug|Any CPU.ActiveCfg = Debug|Any CPU
		{7637F619-7822-B074-2826-7969B13F3085}.Debug|Any CPU.Build.0 = Debug|Any CPU
		{7637F619-7822-B074-2826-7969B13F3085}.Release|Any CPU.ActiveCfg = Release|Any CPU
		{7637F619-7822-B074-2826-7969B13F3085}.Release|Any CPU.Build.0 = Release|Any CPU
		{B954ECCD-E7CC-72F3-13C7-9E2EA6229830}.Debug|Any CPU.ActiveCfg = Debug|Any CPU
		{B954ECCD-E7CC-72F3-13C7-9E2EA6229830}.Debug|Any CPU.Build.0 = Debug|Any CPU
		{B954ECCD-E7CC-72F3-13C7-9E2EA6229830}.Release|Any CPU.ActiveCfg = Release|Any CPU
		{B954ECCD-E7CC-72F3-13C7-9E2EA6229830}.Release|Any CPU.Build.0 = Release|Any CPU
		{34223616-97F9-6D14-B731-A641BB54C77A}.Debug|Any CPU.ActiveCfg = Debug|Any CPU
		{34223616-97F9-6D14-B731-A641BB54C77A}.Debug|Any CPU.Build.0 = Debug|Any CPU
		{34223616-97F9-6D14-B731-A641BB54C77A}.Release|Any CPU.ActiveCfg = Release|Any CPU
		{34223616-97F9-6D14-B731-A641BB54C77A}.Release|Any CPU.Build.0 = Release|Any CPU
	EndGlobalSection
	GlobalSection(SolutionProperties) = preSolution
		HideSolutionNode = FALSE
	EndGlobalSection
						GlobalSection(MonoDevelopProperties) = preSolution
		StartupItem = Assembly-CSharp.csproj
		Policies = $0
		$0.TextStylePolicy = $1
		$1.inheritsSet = null
		$1.scope = text/x-csharp
		$0.CSharpFormattingPolicy = $2
		$2.inheritsSet = Mono
		$2.inheritsScope = text/x-csharp
		$2.scope = text/x-csharp
		$0.TextStylePolicy = $3
		$3.FileWidth = 120
		$3.TabWidth = 4
		$3.EolMarker = Unix
		$3.inheritsSet = Mono
		$3.inheritsScope = text/plain
		$3.scope = text/plain
	EndGlobalSection

EndGlobal
