
Microsoft Visual Studio Solution File, Format Version 11.0
# Visual Studio 2010
Project("{FAE04EC0-301F-11D3-BF4B-00C04F79EFBC}") = "UnityVS.QSMY_IOS.CSharp.Plugins", "UnityVS.QSMY_IOS.CSharp.Plugins.csproj", "{355445D3-B7C2-9758-37FC-09A8EE29F6D5}"
EndProject
Project("{FAE04EC0-301F-11D3-BF4B-00C04F79EFBC}") = "UnityVS.QSMY_IOS.CSharp", "UnityVS.QSMY_IOS.CSharp.csproj", "{0B02C9A8-2925-8EAA-1EF4-13C37BE07A7D}"
EndProject
Project("{FAE04EC0-301F-11D3-BF4B-00C04F79EFBC}") = "UnityVS.QSMY_IOS.CSharp.Editor", "UnityVS.QSMY_IOS.CSharp.Editor.csproj", "{AC302B16-9547-8DBE-2DB8-13E4BBD1DD02}"
EndProject
Global
	GlobalSection(SolutionConfigurationPlatforms) = preSolution
		Debug|Any CPU = Debug|Any CPU
		Release|Any CPU = Release|Any CPU
	EndGlobalSection
	GlobalSection(ProjectConfigurationPlatforms) = postSolution
		{355445D3-B7C2-9758-37FC-09A8EE29F6D5}.Debug|Any CPU.ActiveCfg = Debug|Any CPU
		{355445D3-B7C2-9758-37FC-09A8EE29F6D5}.Debug|Any CPU.Build.0 = Debug|Any CPU
		{355445D3-B7C2-9758-37FC-09A8EE29F6D5}.Release|Any CPU.ActiveCfg = Release|Any CPU
		{355445D3-B7C2-9758-37FC-09A8EE29F6D5}.Release|Any CPU.Build.0 = Release|Any CPU
		{0B02C9A8-2925-8EAA-1EF4-13C37BE07A7D}.Debug|Any CPU.ActiveCfg = Debug|Any CPU
		{0B02C9A8-2925-8EAA-1EF4-13C37BE07A7D}.Debug|Any CPU.Build.0 = Debug|Any CPU
		{0B02C9A8-2925-8EAA-1EF4-13C37BE07A7D}.Release|Any CPU.ActiveCfg = Release|Any CPU
		{0B02C9A8-2925-8EAA-1EF4-13C37BE07A7D}.Release|Any CPU.Build.0 = Release|Any CPU
		{AC302B16-9547-8DBE-2DB8-13E4BBD1DD02}.Debug|Any CPU.ActiveCfg = Debug|Any CPU
		{AC302B16-9547-8DBE-2DB8-13E4BBD1DD02}.Debug|Any CPU.Build.0 = Debug|Any CPU
		{AC302B16-9547-8DBE-2DB8-13E4BBD1DD02}.Release|Any CPU.ActiveCfg = Release|Any CPU
		{AC302B16-9547-8DBE-2DB8-13E4BBD1DD02}.Release|Any CPU.Build.0 = Release|Any CPU
	EndGlobalSection
	GlobalSection(SolutionProperties) = preSolution
		HideSolutionNode = FALSE
	EndGlobalSection
EndGlobal
